
Microsoft Visual Studio Solution File, Format Version 12.00
# Visual Studio Version 17
VisualStudioVersion = 17.14.36221.1 d17.14
MinimumVisualStudioVersion = 10.0.40219.1
Project("{2150E333-8FDC-42A3-9474-1A3956D46DE8}") = "CORE", "CORE", "{02EA681E-C7D8-13C7-8484-4AC65E1B71E8}"
EndProject
Project("{FAE04EC0-301F-11D3-BF4B-00C04F79EFBC}") = "OTS.DOMAIN", "OTS.DOMAIN\OTS.DOMAIN.csproj", "{B9AD0083-8C73-4AC2-BC28-E360E0BE542F}"
EndProject
Project("{FAE04EC0-301F-11D3-BF4B-00C04F79EFBC}") = "OTS.Infrastructutre", "OTS.Infrastructutre\OTS.Infrastructutre.csproj", "{C60143A0-E461-43B7-A917-9910B1D41A5C}"
EndProject
Project("{FAE04EC0-301F-11D3-BF4B-00C04F79EFBC}") = "OTS.MobileAccountingAPI", "OTS.MobileAccountingAPI\OTS.MobileAccountingAPI.csproj", "{F76B700C-CDDE-464F-837D-11003B45AA2F}"
EndProject
Project("{FAE04EC0-301F-11D3-BF4B-00C04F79EFBC}") = "OTS.Service", "OTS.Service\OTS.Service.csproj", "{F0AC165F-D05F-4F29-9EED-C214261EC1B6}"
EndProject
Global
	GlobalSection(SolutionConfigurationPlatforms) = preSolution
		Debug|Any CPU = Debug|Any CPU
		Release|Any CPU = Release|Any CPU
	EndGlobalSection
	GlobalSection(ProjectConfigurationPlatforms) = postSolution
		{B9AD0083-8C73-4AC2-BC28-E360E0BE542F}.Debug|Any CPU.ActiveCfg = Debug|Any CPU
		{B9AD0083-8C73-4AC2-BC28-E360E0BE542F}.Debug|Any CPU.Build.0 = Debug|Any CPU
		{B9AD0083-8C73-4AC2-BC28-E360E0BE542F}.Release|Any CPU.ActiveCfg = Release|Any CPU
		{B9AD0083-8C73-4AC2-BC28-E360E0BE542F}.Release|Any CPU.Build.0 = Release|Any CPU
		{C60143A0-E461-43B7-A917-9910B1D41A5C}.Debug|Any CPU.ActiveCfg = Debug|Any CPU
		{C60143A0-E461-43B7-A917-9910B1D41A5C}.Debug|Any CPU.Build.0 = Debug|Any CPU
		{C60143A0-E461-43B7-A917-9910B1D41A5C}.Release|Any CPU.ActiveCfg = Release|Any CPU
		{C60143A0-E461-43B7-A917-9910B1D41A5C}.Release|Any CPU.Build.0 = Release|Any CPU
		{F76B700C-CDDE-464F-837D-11003B45AA2F}.Debug|Any CPU.ActiveCfg = Debug|Any CPU
		{F76B700C-CDDE-464F-837D-11003B45AA2F}.Debug|Any CPU.Build.0 = Debug|Any CPU
		{F76B700C-CDDE-464F-837D-11003B45AA2F}.Release|Any CPU.ActiveCfg = Release|Any CPU
		{F76B700C-CDDE-464F-837D-11003B45AA2F}.Release|Any CPU.Build.0 = Release|Any CPU
		{F0AC165F-D05F-4F29-9EED-C214261EC1B6}.Debug|Any CPU.ActiveCfg = Debug|Any CPU
		{F0AC165F-D05F-4F29-9EED-C214261EC1B6}.Debug|Any CPU.Build.0 = Debug|Any CPU
		{F0AC165F-D05F-4F29-9EED-C214261EC1B6}.Release|Any CPU.ActiveCfg = Release|Any CPU
		{F0AC165F-D05F-4F29-9EED-C214261EC1B6}.Release|Any CPU.Build.0 = Release|Any CPU
	EndGlobalSection
	GlobalSection(SolutionProperties) = preSolution
		HideSolutionNode = FALSE
	EndGlobalSection
	GlobalSection(NestedProjects) = preSolution
		{B9AD0083-8C73-4AC2-BC28-E360E0BE542F} = {02EA681E-C7D8-13C7-8484-4AC65E1B71E8}
		{C60143A0-E461-43B7-A917-9910B1D41A5C} = {02EA681E-C7D8-13C7-8484-4AC65E1B71E8}
		{F0AC165F-D05F-4F29-9EED-C214261EC1B6} = {02EA681E-C7D8-13C7-8484-4AC65E1B71E8}
	EndGlobalSection
	GlobalSection(ExtensibilityGlobals) = postSolution
		SolutionGuid = {9DB53BEE-B5DD-41EB-82D0-8DF0273A39E6}
	EndGlobalSection
EndGlobal
